
Microsoft Visual Studio Solution File, Format Version 12.00
# Visual Studio 2012
Project("{FAE04EC0-301F-11D3-BF4B-00C04F79EFBC}") = "ElectricFence", "ElectricFence\ElectricFence.csproj", "{CCA875A0-F098-467F-ADCE-CEE950B8DE0C}"
EndProject
Global
	GlobalSection(SolutionConfigurationPlatforms) = preSolution
		Debug|Any CPU = Debug|Any CPU
		Release|Any CPU = Release|Any CPU
	EndGlobalSection
	GlobalSection(ProjectConfigurationPlatforms) = postSolution
		{CCA875A0-F098-467F-ADCE-CEE950B8DE0C}.Debug|Any CPU.ActiveCfg = Debug|Any CPU
		{CCA875A0-F098-467F-ADCE-CEE950B8DE0C}.Debug|Any CPU.Build.0 = Debug|Any CPU
		{CCA875A0-F098-467F-ADCE-CEE950B8DE0C}.Release|Any CPU.ActiveCfg = Release|Any CPU
		{CCA875A0-F098-467F-ADCE-CEE950B8DE0C}.Release|Any CPU.Build.0 = Release|Any CPU
	EndGlobalSection
EndGlobal
